github.com/nolssmit/Golang/GolangPackages/dog v0.0.0-20241016140631-8843277d9e16 h1:CTz8c60EkTbxK99L5CddOepcS+iX2NHy1swhnSw/hjs=
github.com/nolssmit/Golang/GolangPackages/dog v0.0.0-20241016140631-8843277d9e16/go.mod h1:0UVTyvySntvxsVo4Y0/UP1ZFH/yuijxq9kclFNbtKDM=
github.com/nolssmit/Golang/GolangPackages/puppy v0.0.0-20241019135304-9ed751d43ee8 h1:dWxCqFoJrDz9fBR5mRsIeQLIzTQ9V4XysfmdJfj/35o=
github.com/nolssmit/Golang/GolangPackages/puppy v0.0.0-20241019135304-9ed751d43ee8/go.mod h1:09YkJnw2TX+FJmCL392MT6S64Svp3ZOvtjsiG00Gd5k=
