github.com/nolssmit/Golang/GolangPackages/dog v0.0.0-20241031140522-31b249e6a0b1 h1:KvcmQ0899KKyYmZvY+m2/R8XTJiwJYN81ViL2+mBpS0=
github.com/nolssmit/Golang/GolangPackages/dog v0.0.0-20241031140522-31b249e6a0b1/go.mod h1:0UVTyvySntvxsVo4Y0/UP1ZFH/yuijxq9kclFNbtKDM=
github.com/nolssmit/Golang/GolangPackages/dog v0.0.0-20241101144710-9633512f64f4 h1:BncP+BSkptT9SOTgYVlZhu3DD5oZHpMURvr+riEQ/do=
github.com/nolssmit/Golang/GolangPackages/dog v0.0.0-20241101144710-9633512f64f4/go.mod h1:0UVTyvySntvxsVo4Y0/UP1ZFH/yuijxq9kclFNbtKDM=
github.com/nolssmit/Golang/GolangPackages/dog v0.0.0-20241102125419-58897132e2a3 h1:MGElTt0ykANQx2FbWVcHNHtBDN09o0Y0IztwD4XhUvc=
github.com/nolssmit/Golang/GolangPackages/dog v0.0.0-20241102125419-58897132e2a3/go.mod h1:0UVTyvySntvxsVo4Y0/UP1ZFH/yuijxq9kclFNbtKDM=
